
Microsoft Visual Studio Solution File, Format Version 12.00
# Visual Studio 15
VisualStudioVersion = 15.0.27130.2027
MinimumVisualStudioVersion = 10.0.40219.1
Project("{FAE04EC0-301F-11D3-BF4B-00C04F79EFBC}") = "Graph", "Graph\Graph.csproj", "{8793F990-130C-42AF-8ADD-48C62733240A}"
EndProject
Global
	GlobalSection(SolutionConfigurationPlatforms) = preSolution
		Debug|Any CPU = Debug|Any CPU
		Release|Any CPU = Release|Any CPU
	EndGlobalSection
	GlobalSection(ProjectConfigurationPlatforms) = postSolution
		{8793F990-130C-42AF-8ADD-48C62733240A}.Debug|Any CPU.ActiveCfg = Debug|Any CPU
		{8793F990-130C-42AF-8ADD-48C62733240A}.Debug|Any CPU.Build.0 = Debug|Any CPU
		{8793F990-130C-42AF-8ADD-48C62733240A}.Release|Any CPU.ActiveCfg = Release|Any CPU
		{8793F990-130C-42AF-8ADD-48C62733240A}.Release|Any CPU.Build.0 = Release|Any CPU
	EndGlobalSection
	GlobalSection(SolutionProperties) = preSolution
		HideSolutionNode = FALSE
	EndGlobalSection
	GlobalSection(ExtensibilityGlobals) = postSolution
		SolutionGuid = {871DC2AB-6F15-4BFD-9CBF-BF9A5C7A3329}
	EndGlobalSection
EndGlobal
